// !$*UTF8*$!
{
	archiveVersion = 1;
	classes = {
	};
	objectVersion = 56;
	objects = {

/* Begin PBXBuildFile section */
		3F4F17612D429E22000E0D50 /* RPI_iosApp.swift in Sources */ = {isa = PBXBuildFile; fileRef = 3F4F17602D429E22000E0D50 /* RPI_iosApp.swift */; };
		3F4F17632D429E22000E0D50 /* ContentView.swift in Sources */ = {isa = PBXBuildFile; fileRef = 3F4F17622D429E22000E0D50 /* ContentView.swift */; };
		3F4F17652D429E23000E0D50 /* Assets.xcassets in Resources */ = {isa = PBXBuildFile; fileRef = 3F4F17642D429E23000E0D50 /* Assets.xcassets */; };
		3F4F17692D429E23000E0D50 /* Preview Assets.xcassets in Resources */ = {isa = PBXBuildFile; fileRef = 3F4F17682D429E23000E0D50 /* Preview Assets.xcassets */; };
		3F4F17732D429E23000E0D50 /* RPI_iosTests.swift in Sources */ = {isa = PBXBuildFile; fileRef = 3F4F17722D429E23000E0D50 /* RPI_iosTests.swift */; };
		3F4F177D2D429E23000E0D50 /* RPI_iosUITests.swift in Sources */ = {isa = PBXBuildFile; fileRef = 3F4F177C2D429E23000E0D50 /* RPI_iosUITests.swift */; };
		3F4F177F2D429E23000E0D50 /* RPI_iosUITestsLaunchTests.swift in Sources */ = {isa = PBXBuildFile; fileRef = 3F4F177E2D429E23000E0D50 /* RPI_iosUITestsLaunchTests.swift */; };
/* End PBXBuildFile section */

/* Begin PBXContainerItemProxy section */
		3F4F176F2D429E23000E0D50 /* PBXContainerItemProxy */ = {
			isa = PBXContainerItemProxy;
			containerPortal = 3F4F17552D429E22000E0D50 /* Project object */;
			proxyType = 1;
			remoteGlobalIDString = 3F4F175C2D429E22000E0D50;
			remoteInfo = RPI_ios;
		};
		3F4F17792D429E23000E0D50 /* PBXContainerItemProxy */ = {
			isa = PBXContainerItemProxy;
			containerPortal = 3F4F17552D429E22000E0D50 /* Project object */;
			proxyType = 1;
			remoteGlobalIDString = 3F4F175C2D429E22000E0D50;
			remoteInfo = RPI_ios;
		};
/* End PBXContainerItemProxy section */

/* Begin PBXFileReference section */
		3F4F175D2D429E22000E0D50 /* RPI_ios.app */ = {isa = PBXFileReference; explicitFileType = wrapper.application; includeInIndex = 0; path = RPI_ios.app; sourceTree = BUILT_PRODUCTS_DIR; };
		3F4F17602D429E22000E0D50 /* RPI_iosApp.swift */ = {isa = PBXFileReference; lastKnownFileType = sourcecode.swift; path = RPI_iosApp.swift; sourceTree = "<group>"; };
		3F4F17622D429E22000E0D50 /* ContentView.swift */ = {isa = PBXFileReference; lastKnownFileType = sourcecode.swift; path = ContentView.swift; sourceTree = "<group>"; };
		3F4F17642D429E23000E0D50 /* Assets.xcassets */ = {isa = PBXFileReference; lastKnownFileType = folder.assetcatalog; path = Assets.xcassets; sourceTree = "<group>"; };
		3F4F17662D429E23000E0D50 /* RPI_ios.entitlements */ = {isa = PBXFileReference; lastKnownFileType = text.plist.entitlements; path = RPI_ios.entitlements; sourceTree = "<group>"; };
		3F4F17682D429E23000E0D50 /* Preview Assets.xcassets */ = {isa = PBXFileReference; lastKnownFileType = folder.assetcatalog; path = "Preview Assets.xcassets"; sourceTree = "<group>"; };
		3F4F176E2D429E23000E0D50 /* RPI_iosTests.xctest */ = {isa = PBXFileReference; explicitFileType = wrapper.cfbundle; includeInIndex = 0; path = RPI_iosTests.xctest; sourceTree = BUILT_PRODUCTS_DIR; };
		3F4F17722D429E23000E0D50 /* RPI_iosTests.swift */ = {isa = PBXFileReference; lastKnownFileType = sourcecode.swift; path = RPI_iosTests.swift; sourceTree = "<group>"; };
		3F4F17782D429E23000E0D50 /* RPI_iosUITests.xctest */ = {isa = PBXFileReference; explicitFileType = wrapper.cfbundle; includeInIndex = 0; path = RPI_iosUITests.xctest; sourceTree = BUILT_PRODUCTS_DIR; };
		3F4F177C2D429E23000E0D50 /* RPI_iosUITests.swift */ = {isa = PBXFileReference; lastKnownFileType = sourcecode.swift; path = RPI_iosUITests.swift; sourceTree = "<group>"; };
		3F4F177E2D429E23000E0D50 /* RPI_iosUITestsLaunchTests.swift */ = {isa = PBXFileReference; lastKnownFileType = sourcecode.swift; path = RPI_iosUITestsLaunchTests.swift; sourceTree = "<group>"; };
/* End PBXFileReference section */

/* Begin PBXFrameworksBuildPhase section */
		3F4F175A2D429E22000E0D50 /* Frameworks */ = {
			isa = PBXFrameworksBuildPhase;
			buildActionMask = 2147483647;
			files = (
			);
			runOnlyForDeploymentPostprocessing = 0;
		};
		3F4F176B2D429E23000E0D50 /* Frameworks */ = {
			isa = PBXFrameworksBuildPhase;
			buildActionMask = 2147483647;
			files = (
			);
			runOnlyForDeploymentPostprocessing = 0;
		};
		3F4F17752D429E23000E0D50 /* Frameworks */ = {
			isa = PBXFrameworksBuildPhase;
			buildActionMask = 2147483647;
			files = (
			);
			runOnlyForDeploymentPostprocessing = 0;
		};
/* End PBXFrameworksBuildPhase section */

/* Begin PBXGroup section */
		3F4F17542D429E22000E0D50 = {
			isa = PBXGroup;
			children = (
				3F4F175F2D429E22000E0D50 /* RPI_ios */,
				3F4F17712D429E23000E0D50 /* RPI_iosTests */,
				3F4F177B2D429E23000E0D50 /* RPI_iosUITests */,
				3F4F175E2D429E22000E0D50 /* Products */,
			);
			sourceTree = "<group>";
		};
		3F4F175E2D429E22000E0D50 /* Products */ = {
			isa = PBXGroup;
			children = (
				3F4F175D2D429E22000E0D50 /* RPI_ios.app */,
				3F4F176E2D429E23000E0D50 /* RPI_iosTests.xctest */,
				3F4F17782D429E23000E0D50 /* RPI_iosUITests.xctest */,
			);
			name = Products;
			sourceTree = "<group>";
		};
		3F4F175F2D429E22000E0D50 /* RPI_ios */ = {
			isa = PBXGroup;
			children = (
				3F4F17602D429E22000E0D50 /* RPI_iosApp.swift */,
				3F4F17622D429E22000E0D50 /* ContentView.swift */,
				3F4F17642D429E23000E0D50 /* Assets.xcassets */,
				3F4F17662D429E23000E0D50 /* RPI_ios.entitlements */,
				3F4F17672D429E23000E0D50 /* Preview Content */,
			);
			path = RPI_ios;
			sourceTree = "<group>";
		};
		3F4F17672D429E23000E0D50 /* Preview Content */ = {
			isa = PBXGroup;
			children = (
				3F4F17682D429E23000E0D50 /* Preview Assets.xcassets */,
			);
			path = "Preview Content";
			sourceTree = "<group>";
		};
		3F4F17712D429E23000E0D50 /* RPI_iosTests */ = {
			isa = PBXGroup;
			children = (
				3F4F17722D429E23000E0D50 /* RPI_iosTests.swift */,
			);
			path = RPI_iosTests;
			sourceTree = "<group>";
		};
		3F4F177B2D429E23000E0D50 /* RPI_iosUITests */ = {
			isa = PBXGroup;
			children = (
				3F4F177C2D429E23000E0D50 /* RPI_iosUITests.swift */,
				3F4F177E2D429E23000E0D50 /* RPI_iosUITestsLaunchTests.swift */,
			);
			path = RPI_iosUITests;
			sourceTree = "<group>";
		};
/* End PBXGroup section */

/* Begin PBXNativeTarget section */
		3F4F175C2D429E22000E0D50 /* RPI_ios */ = {
			isa = PBXNativeTarget;
			buildConfigurationList = 3F4F17822D429E23000E0D50 /* Build configuration list for PBXNativeTarget "RPI_ios" */;
			buildPhases = (
				3F4F17592D429E22000E0D50 /* Sources */,
				3F4F175A2D429E22000E0D50 /* Frameworks */,
				3F4F175B2D429E22000E0D50 /* Resources */,
			);
			buildRules = (
			);
			dependencies = (
			);
			name = RPI_ios;
			productName = RPI_ios;
			productReference = 3F4F175D2D429E22000E0D50 /* RPI_ios.app */;
			productType = "com.apple.product-type.application";
		};
		3F4F176D2D429E23000E0D50 /* RPI_iosTests */ = {
			isa = PBXNativeTarget;
			buildConfigurationList = 3F4F17852D429E23000E0D50 /* Build configuration list for PBXNativeTarget "RPI_iosTests" */;
			buildPhases = (
				3F4F176A2D429E23000E0D50 /* Sources */,
				3F4F176B2D429E23000E0D50 /* Frameworks */,
				3F4F176C2D429E23000E0D50 /* Resources */,
			);
			buildRules = (
			);
			dependencies = (
				3F4F17702D429E23000E0D50 /* PBXTargetDependency */,
			);
			name = RPI_iosTests;
			productName = RPI_iosTests;
			productReference = 3F4F176E2D429E23000E0D50 /* RPI_iosTests.xctest */;
			productType = "com.apple.product-type.bundle.unit-test";
		};
		3F4F17772D429E23000E0D50 /* RPI_iosUITests */ = {
			isa = PBXNativeTarget;
			buildConfigurationList = 3F4F17882D429E23000E0D50 /* Build configuration list for PBXNativeTarget "RPI_iosUITests" */;
			buildPhases = (
				3F4F17742D429E23000E0D50 /* Sources */,
				3F4F17752D429E23000E0D50 /* Frameworks */,
				3F4F17762D429E23000E0D50 /* Resources */,
			);
			buildRules = (
			);
			dependencies = (
				3F4F177A2D429E23000E0D50 /* PBXTargetDependency */,
			);
			name = RPI_iosUITests;
			productName = RPI_iosUITests;
			productReference = 3F4F17782D429E23000E0D50 /* RPI_iosUITests.xctest */;
			productType = "com.apple.product-type.bundle.ui-testing";
		};
/* End PBXNativeTarget section */

/* Begin PBXProject section */
		3F4F17552D429E22000E0D50 /* Project object */ = {
			isa = PBXProject;
			attributes = {
				BuildIndependentTargetsInParallel = 1;
				LastSwiftUpdateCheck = 1540;
				LastUpgradeCheck = 1540;
				TargetAttributes = {
					3F4F175C2D429E22000E0D50 = {
						CreatedOnToolsVersion = 15.4;
					};
					3F4F176D2D429E23000E0D50 = {
						CreatedOnToolsVersion = 15.4;
						TestTargetID = 3F4F175C2D429E22000E0D50;
					};
					3F4F17772D429E23000E0D50 = {
						CreatedOnToolsVersion = 15.4;
						TestTargetID = 3F4F175C2D429E22000E0D50;
					};
				};
			};
			buildConfigurationList = 3F4F17582D429E22000E0D50 /* Build configuration list for PBXProject "RPI_ios" */;
			compatibilityVersion = "Xcode 14.0";
			developmentRegion = en;
			hasScannedForEncodings = 0;
			knownRegions = (
				en,
				Base,
			);
			mainGroup = 3F4F17542D429E22000E0D50;
			productRefGroup = 3F4F175E2D429E22000E0D50 /* Products */;
			projectDirPath = "";
			projectRoot = "";
			targets = (
				3F4F175C2D429E22000E0D50 /* RPI_ios */,
				3F4F176D2D429E23000E0D50 /* RPI_iosTests */,
				3F4F17772D429E23000E0D50 /* RPI_iosUITests */,
			);
		};
/* End PBXProject section */

/* Begin PBXResourcesBuildPhase section */
		3F4F175B2D429E22000E0D50 /* Resources */ = {
			isa = PBXResourcesBuildPhase;
			buildActionMask = 2147483647;
			files = (
				3F4F17692D429E23000E0D50 /* Preview Assets.xcassets in Resources */,
				3F4F17652D429E23000E0D50 /* Assets.xcassets in Resources */,
			);
			runOnlyForDeploymentPostprocessing = 0;
		};
		3F4F176C2D429E23000E0D50 /* Resources */ = {
			isa = PBXResourcesBuildPhase;
			buildActionMask = 2147483647;
			files = (
			);
			runOnlyForDeploymentPostprocessing = 0;
		};
		3F4F17762D429E23000E0D50 /* Resources */ = {
			isa = PBXResourcesBuildPhase;
			buildActionMask = 2147483647;
			files = (
			);
			runOnlyForDeploymentPostprocessing = 0;
		};
/* End PBXResourcesBuildPhase section */

/* Begin PBXSourcesBuildPhase section */
		3F4F17592D429E22000E0D50 /* Sources */ = {
			isa = PBXSourcesBuildPhase;
			buildActionMask = 2147483647;
			files = (
				3F4F17632D429E22000E0D50 /* ContentView.swift in Sources */,
				3F4F17612D429E22000E0D50 /* RPI_iosApp.swift in Sources */,
			);
			runOnlyForDeploymentPostprocessing = 0;
		};
		3F4F176A2D429E23000E0D50 /* Sources */ = {
			isa = PBXSourcesBuildPhase;
			buildActionMask = 2147483647;
			files = (
				3F4F17732D429E23000E0D50 /* RPI_iosTests.swift in Sources */,
			);
			runOnlyForDeploymentPostprocessing = 0;
		};
		3F4F17742D429E23000E0D50 /* Sources */ = {
			isa = PBXSourcesBuildPhase;
			buildActionMask = 2147483647;
			files = (
				3F4F177F2D429E23000E0D50 /* RPI_iosUITestsLaunchTests.swift in Sources */,
				3F4F177D2D429E23000E0D50 /* RPI_iosUITests.swift in Sources */,
			);
			runOnlyForDeploymentPostprocessing = 0;
		};
/* End PBXSourcesBuildPhase section */

/* Begin PBXTargetDependency section */
		3F4F17702D429E23000E0D50 /* PBXTargetDependency */ = {
			isa = PBXTargetDependency;
			target = 3F4F175C2D429E22000E0D50 /* RPI_ios */;
			targetProxy = 3F4F176F2D429E23000E0D50 /* PBXContainerItemProxy */;
		};
		3F4F177A2D429E23000E0D50 /* PBXTargetDependency */ = {
			isa = PBXTargetDependency;
			target = 3F4F175C2D429E22000E0D50 /* RPI_ios */;
			targetProxy = 3F4F17792D429E23000E0D50 /* PBXContainerItemProxy */;
		};
/* End PBXTargetDependency section */

/* Begin XCBuildConfiguration section */
		3F4F17802D429E23000E0D50 /* Debug */ = {
			isa = XCBuildConfiguration;
			buildSettings = {
				ALWAYS_SEARCH_USER_PATHS = NO;
				ASSETCATALOG_COMPILER_GENERATE_SWIFT_ASSET_SYMBOL_EXTENSIONS = YES;
				CLANG_ANALYZER_NONNULL = YES;
				CLANG_ANALYZER_NUMBER_OBJECT_CONVERSION = YES_AGGRESSIVE;
				CLANG_CXX_LANGUAGE_STANDARD = "gnu++20";
				CLANG_ENABLE_MODULES = YES;
				CLANG_ENABLE_OBJC_ARC = YES;
				CLANG_ENABLE_OBJC_WEAK = YES;
				CLANG_WARN_BLOCK_CAPTURE_AUTORELEASING = YES;
				CLANG_WARN_BOOL_CONVERSION = YES;
				CLANG_WARN_COMMA = YES;
				CLANG_WARN_CONSTANT_CONVERSION = YES;
				CLANG_WARN_DEPRECATED_OBJC_IMPLEMENTATIONS = YES;
				CLANG_WARN_DIRECT_OBJC_ISA_USAGE = YES_ERROR;
				CLANG_WARN_DOCUMENTATION_COMMENTS = YES;
				CLANG_WARN_EMPTY_BODY = YES;
				CLANG_WARN_ENUM_CONVERSION = YES;
				CLANG_WARN_INFINITE_RECURSION = YES;
				CLANG_WARN_INT_CONVERSION = YES;
				CLANG_WARN_NON_LITERAL_NULL_CONVERSION = YES;
				CLANG_WARN_OBJC_IMPLICIT_RETAIN_SELF = YES;
				CLANG_WARN_OBJC_LITERAL_CONVERSION = YES;
				CLANG_WARN_OBJC_ROOT_CLASS = YES_ERROR;
				CLANG_WARN_QUOTED_INCLUDE_IN_FRAMEWORK_HEADER = YES;
				CLANG_WARN_RANGE_LOOP_ANALYSIS = YES;
				CLANG_WARN_STRICT_PROTOTYPES = YES;
				CLANG_WARN_SUSPICIOUS_MOVE = YES;
				CLANG_WARN_UNGUARDED_AVAILABILITY = YES_AGGRESSIVE;
				CLANG_WARN_UNREACHABLE_CODE = YES;
				CLANG_WARN__DUPLICATE_METHOD_MATCH = YES;
				COPY_PHASE_STRIP = NO;
				DEBUG_INFORMATION_FORMAT = dwarf;
				ENABLE_STRICT_OBJC_MSGSEND = YES;
				ENABLE_TESTABILITY = YES;
				ENABLE_USER_SCRIPT_SANDBOXING = YES;
				GCC_C_LANGUAGE_STANDARD = gnu17;
				GCC_DYNAMIC_NO_PIC = NO;
				GCC_NO_COMMON_BLOCKS = YES;
				GCC_OPTIMIZATION_LEVEL = 0;
				GCC_PREPROCESSOR_DEFINITIONS = (
					"DEBUG=1",
					"$(inherited)",
				);
				GCC_WARN_64_TO_32_BIT_CONVERSION = YES;
				GCC_WARN_ABOUT_RETURN_TYPE = YES_ERROR;
				GCC_WARN_UNDECLARED_SELECTOR = YES;
				GCC_WARN_UNINITIALIZED_AUTOS = YES_AGGRESSIVE;
				GCC_WARN_UNUSED_FUNCTION = YES;
				GCC_WARN_UNUSED_VARIABLE = YES;
				LOCALIZATION_PREFERS_STRING_CATALOGS = YES;
				MTL_ENABLE_DEBUG_INFO = INCLUDE_SOURCE;
				MTL_FAST_MATH = YES;
				ONLY_ACTIVE_ARCH = YES;
				SWIFT_ACTIVE_COMPILATION_CONDITIONS = "DEBUG $(inherited)";
				SWIFT_OPTIMIZATION_LEVEL = "-Onone";
			};
			name = Debug;
		};
		3F4F17812D429E23000E0D50 /* Release */ = {
			isa = XCBuildConfiguration;
			buildSettings = {
				ALWAYS_SEARCH_USER_PATHS = NO;
				ASSETCATALOG_COMPILER_GENERATE_SWIFT_ASSET_SYMBOL_EXTENSIONS = YES;
				CLANG_ANALYZER_NONNULL = YES;
				CLANG_ANALYZER_NUMBER_OBJECT_CONVERSION = YES_AGGRESSIVE;
				CLANG_CXX_LANGUAGE_STANDARD = "gnu++20";
				CLANG_ENABLE_MODULES = YES;
				CLANG_ENABLE_OBJC_ARC = YES;
				CLANG_ENABLE_OBJC_WEAK = YES;
				CLANG_WARN_BLOCK_CAPTURE_AUTORELEASING = YES;
				CLANG_WARN_BOOL_CONVERSION = YES;
				CLANG_WARN_COMMA = YES;
				CLANG_WARN_CONSTANT_CONVERSION = YES;
				CLANG_WARN_DEPRECATED_OBJC_IMPLEMENTATIONS = YES;
				CLANG_WARN_DIRECT_OBJC_ISA_USAGE = YES_ERROR;
				CLANG_WARN_DOCUMENTATION_COMMENTS = YES;
				CLANG_WARN_EMPTY_BODY = YES;
				CLANG_WARN_ENUM_CONVERSION = YES;
				CLANG_WARN_INFINITE_RECURSION = YES;
				CLANG_WARN_INT_CONVERSION = YES;
				CLANG_WARN_NON_LITERAL_NULL_CONVERSION = YES;
				CLANG_WARN_OBJC_IMPLICIT_RETAIN_SELF = YES;
				CLANG_WARN_OBJC_LITERAL_CONVERSION = YES;
				CLANG_WARN_OBJC_ROOT_CLASS = YES_ERROR;
				CLANG_WARN_QUOTED_INCLUDE_IN_FRAMEWORK_HEADER = YES;
				CLANG_WARN_RANGE_LOOP_ANALYSIS = YES;
				CLANG_WARN_STRICT_PROTOTYPES = YES;
				CLANG_WARN_SUSPICIOUS_MOVE = YES;
				CLANG_WARN_UNGUARDED_AVAILABILITY = YES_AGGRESSIVE;
				CLANG_WARN_UNREACHABLE_CODE = YES;
				CLANG_WARN__DUPLICATE_METHOD_MATCH = YES;
				COPY_PHASE_STRIP = NO;
				DEBUG_INFORMATION_FORMAT = "dwarf-with-dsym";
				ENABLE_NS_ASSERTIONS = NO;
				ENABLE_STRICT_OBJC_MSGSEND = YES;
				ENABLE_USER_SCRIPT_SANDBOXING = YES;
				GCC_C_LANGUAGE_STANDARD = gnu17;
				GCC_NO_COMMON_BLOCKS = YES;
				GCC_WARN_64_TO_32_BIT_CONVERSION = YES;
				GCC_WARN_ABOUT_RETURN_TYPE = YES_ERROR;
				GCC_WARN_UNDECLARED_SELECTOR = YES;
				GCC_WARN_UNINITIALIZED_AUTOS = YES_AGGRESSIVE;
				GCC_WARN_UNUSED_FUNCTION = YES;
				GCC_WARN_UNUSED_VARIABLE = YES;
				LOCALIZATION_PREFERS_STRING_CATALOGS = YES;
				MTL_ENABLE_DEBUG_INFO = NO;
				MTL_FAST_MATH = YES;
				SWIFT_COMPILATION_MODE = wholemodule;
			};
			name = Release;
		};
		3F4F17832D429E23000E0D50 /* Debug */ = {
			isa = XCBuildConfiguration;
			buildSettings = {
				ASSETCATALOG_COMPILER_APPICON_NAME = AppIcon;
				ASSETCATALOG_COMPILER_GLOBAL_ACCENT_COLOR_NAME = AccentColor;
				CODE_SIGN_ENTITLEMENTS = RPI_ios/RPI_ios.entitlements;
				CODE_SIGN_STYLE = Automatic;
				CURRENT_PROJECT_VERSION = 1;
				DEVELOPMENT_ASSET_PATHS = "\"RPI_ios/Preview Content\"";
				ENABLE_PREVIEWS = YES;
				GENERATE_INFOPLIST_FILE = YES;
				"INFOPLIST_KEY_UIApplicationSceneManifest_Generation[sdk=iphoneos*]" = YES;
				"INFOPLIST_KEY_UIApplicationSceneManifest_Generation[sdk=iphonesimulator*]" = YES;
				"INFOPLIST_KEY_UIApplicationSupportsIndirectInputEvents[sdk=iphoneos*]" = YES;
				"INFOPLIST_KEY_UIApplicationSupportsIndirectInputEvents[sdk=iphonesimulator*]" = YES;
				"INFOPLIST_KEY_UILaunchScreen_Generation[sdk=iphoneos*]" = YES;
				"INFOPLIST_KEY_UILaunchScreen_Generation[sdk=iphonesimulator*]" = YES;
				"INFOPLIST_KEY_UIStatusBarStyle[sdk=iphoneos*]" = UIStatusBarStyleDefault;
				"INFOPLIST_KEY_UIStatusBarStyle[sdk=iphonesimulator*]" = UIStatusBarStyleDefault;
				INFOPLIST_KEY_UISupportedInterfaceOrientations = UIInterfaceOrientationPortrait;
				IPHONEOS_DEPLOYMENT_TARGET = 17.5;
				LD_RUNPATH_SEARCH_PATHS = "@executable_path/Frameworks";
				"LD_RUNPATH_SEARCH_PATHS[sdk=macosx*]" = "@executable_path/../Frameworks";
				MACOSX_DEPLOYMENT_TARGET = 14.5;
				MARKETING_VERSION = 1.0;
				PRODUCT_BUNDLE_IDENTIFIER = "RPI.RPI-ios";
				PRODUCT_NAME = "$(TARGET_NAME)";
				SDKROOT = auto;
				SUPPORTED_PLATFORMS = "iphoneos iphonesimulator";
				SUPPORTS_MACCATALYST = NO;
				SWIFT_EMIT_LOC_STRINGS = YES;
				SWIFT_VERSION = 5.0;
				TARGETED_DEVICE_FAMILY = 1;
			};
			name = Debug;
		};
		3F4F17842D429E23000E0D50 /* Release */ = {
			isa = XCBuildConfiguration;
			buildSettings = {
				ASSETCATALOG_COMPILER_APPICON_NAME = AppIcon;
				ASSETCATALOG_COMPILER_GLOBAL_ACCENT_COLOR_NAME = AccentColor;
				CODE_SIGN_ENTITLEMENTS = RPI_ios/RPI_ios.entitlements;
				CODE_SIGN_STYLE = Automatic;
				CURRENT_PROJECT_VERSION = 1;
				DEVELOPMENT_ASSET_PATHS = "\"RPI_ios/Preview Content\"";
				ENABLE_PREVIEWS = YES;
				GENERATE_INFOPLIST_FILE = YES;
				"INFOPLIST_KEY_UIApplicationSceneManifest_Generation[sdk=iphoneos*]" = YES;
				"INFOPLIST_KEY_UIApplicationSceneManifest_Generation[sdk=iphonesimulator*]" = YES;
				"INFOPLIST_KEY_UIApplicationSupportsIndirectInputEvents[sdk=iphoneos*]" = YES;
				"INFOPLIST_KEY_UIApplicationSupportsIndirectInputEvents[sdk=iphonesimulator*]" = YES;
				"INFOPLIST_KEY_UILaunchScreen_Generation[sdk=iphoneos*]" = YES;
				"INFOPLIST_KEY_UILaunchScreen_Generation[sdk=iphonesimulator*]" = YES;
				"INFOPLIST_KEY_UIStatusBarStyle[sdk=iphoneos*]" = UIStatusBarStyleDefault;
				"INFOPLIST_KEY_UIStatusBarStyle[sdk=iphonesimulator*]" = UIStatusBarStyleDefault;
				INFOPLIST_KEY_UISupportedInterfaceOrientations = UIInterfaceOrientationPortrait;
				IPHONEOS_DEPLOYMENT_TARGET = 17.5;
				LD_RUNPATH_SEARCH_PATHS = "@executable_path/Frameworks";
				"LD_RUNPATH_SEARCH_PATHS[sdk=macosx*]" = "@executable_path/../Frameworks";
				MACOSX_DEPLOYMENT_TARGET = 14.5;
				MARKETING_VERSION = 1.0;
				PRODUCT_BUNDLE_IDENTIFIER = "RPI.RPI-ios";
				PRODUCT_NAME = "$(TARGET_NAME)";
				SDKROOT = auto;
				SUPPORTED_PLATFORMS = "iphoneos iphonesimulator";
				SUPPORTS_MACCATALYST = NO;
				SWIFT_EMIT_LOC_STRINGS = YES;
				SWIFT_VERSION = 5.0;
				TARGETED_DEVICE_FAMILY = 1;
			};
			name = Release;
		};
		3F4F17862D429E23000E0D50 /* Debug */ = {
			isa = XCBuildConfiguration;
			buildSettings = {
				ALWAYS_EMBED_SWIFT_STANDARD_LIBRARIES = YES;
				BUNDLE_LOADER = "$(TEST_HOST)";
				CODE_SIGN_STYLE = Automatic;
				CURRENT_PROJECT_VERSION = 1;
				GENERATE_INFOPLIST_FILE = YES;
				IPHONEOS_DEPLOYMENT_TARGET = 17.5;
				MACOSX_DEPLOYMENT_TARGET = 14.5;
				MARKETING_VERSION = 1.0;
				PRODUCT_BUNDLE_IDENTIFIER = "RPI.RPI-iosTests";
				PRODUCT_NAME = "$(TARGET_NAME)";
				SDKROOT = auto;
				SUPPORTED_PLATFORMS = "iphoneos iphonesimulator macosx";
				SWIFT_EMIT_LOC_STRINGS = NO;
				SWIFT_VERSION = 5.0;
				TARGETED_DEVICE_FAMILY = "1,2";
				TEST_HOST = "$(BUILT_PRODUCTS_DIR)/RPI_ios.app/$(BUNDLE_EXECUTABLE_FOLDER_PATH)/RPI_ios";
			};
			name = Debug;
		};
		3F4F17872D429E23000E0D50 /* Release */ = {
			isa = XCBuildConfiguration;
			buildSettings = {
				ALWAYS_EMBED_SWIFT_STANDARD_LIBRARIES = YES;
				BUNDLE_LOADER = "$(TEST_HOST)";
				CODE_SIGN_STYLE = Automatic;
				CURRENT_PROJECT_VERSION = 1;
				GENERATE_INFOPLIST_FILE = YES;
				IPHONEOS_DEPLOYMENT_TARGET = 17.5;
				MACOSX_DEPLOYMENT_TARGET = 14.5;
				MARKETING_VERSION = 1.0;
				PRODUCT_BUNDLE_IDENTIFIER = "RPI.RPI-iosTests";
				PRODUCT_NAME = "$(TARGET_NAME)";
				SDKROOT = auto;
				SUPPORTED_PLATFORMS = "iphoneos iphonesimulator macosx";
				SWIFT_EMIT_LOC_STRINGS = NO;
				SWIFT_VERSION = 5.0;
				TARGETED_DEVICE_FAMILY = "1,2";
				TEST_HOST = "$(BUILT_PRODUCTS_DIR)/RPI_ios.app/$(BUNDLE_EXECUTABLE_FOLDER_PATH)/RPI_ios";
			};
			name = Release;
		};
		3F4F17892D429E23000E0D50 /* Debug */ = {
			isa = XCBuildConfiguration;
			buildSettings = {
				ALWAYS_EMBED_SWIFT_STANDARD_LIBRARIES = YES;
				CODE_SIGN_STYLE = Automatic;
				CURRENT_PROJECT_VERSION = 1;
				GENERATE_INFOPLIST_FILE = YES;
				IPHONEOS_DEPLOYMENT_TARGET = 17.5;
				MACOSX_DEPLOYMENT_TARGET = 14.5;
				MARKETING_VERSION = 1.0;
				PRODUCT_BUNDLE_IDENTIFIER = "RPI.RPI-iosUITests";
				PRODUCT_NAME = "$(TARGET_NAME)";
				SDKROOT = auto;
				SUPPORTED_PLATFORMS = "iphoneos iphonesimulator macosx";
				SWIFT_EMIT_LOC_STRINGS = NO;
				SWIFT_VERSION = 5.0;
				TARGETED_DEVICE_FAMILY = "1,2";
				TEST_TARGET_NAME = RPI_ios;
			};
			name = Debug;
		};
		3F4F178A2D429E23000E0D50 /* Release */ = {
			isa = XCBuildConfiguration;
			buildSettings = {
				ALWAYS_EMBED_SWIFT_STANDARD_LIBRARIES = YES;
				CODE_SIGN_STYLE = Automatic;
				CURRENT_PROJECT_VERSION = 1;
				GENERATE_INFOPLIST_FILE = YES;
				IPHONEOS_DEPLOYMENT_TARGET = 17.5;
				MACOSX_DEPLOYMENT_TARGET = 14.5;
				MARKETING_VERSION = 1.0;
				PRODUCT_BUNDLE_IDENTIFIER = "RPI.RPI-iosUITests";
				PRODUCT_NAME = "$(TARGET_NAME)";
				SDKROOT = auto;
				SUPPORTED_PLATFORMS = "iphoneos iphonesimulator macosx";
				SWIFT_EMIT_LOC_STRINGS = NO;
				SWIFT_VERSION = 5.0;
				TARGETED_DEVICE_FAMILY = "1,2";
				TEST_TARGET_NAME = RPI_ios;
			};
			name = Release;
		};
/* End XCBuildConfiguration section */

/* Begin XCConfigurationList section */
		3F4F17582D429E22000E0D50 /* Build configuration list for PBXProject "RPI_ios" */ = {
			isa = XCConfigurationList;
			buildConfigurations = (
				3F4F17802D429E23000E0D50 /* Debug */,
				3F4F17812D429E23000E0D50 /* Release */,
			);
			defaultConfigurationIsVisible = 0;
			defaultConfigurationName = Release;
		};
		3F4F17822D429E23000E0D50 /* Build configuration list for PBXNativeTarget "RPI_ios" */ = {
			isa = XCConfigurationList;
			buildConfigurations = (
				3F4F17832D429E23000E0D50 /* Debug */,
				3F4F17842D429E23000E0D50 /* Release */,
			);
			defaultConfigurationIsVisible = 0;
			defaultConfigurationName = Release;
		};
		3F4F17852D429E23000E0D50 /* Build configuration list for PBXNativeTarget "RPI_iosTests" */ = {
			isa = XCConfigurationList;
			buildConfigurations = (
				3F4F17862D429E23000E0D50 /* Debug */,
				3F4F17872D429E23000E0D50 /* Release */,
			);
			defaultConfigurationIsVisible = 0;
			defaultConfigurationName = Release;
		};
		3F4F17882D429E23000E0D50 /* Build configuration list for PBXNativeTarget "RPI_iosUITests" */ = {
			isa = XCConfigurationList;
			buildConfigurations = (
				3F4F17892D429E23000E0D50 /* Debug */,
				3F4F178A2D429E23000E0D50 /* Release */,
			);
			defaultConfigurationIsVisible = 0;
			defaultConfigurationName = Release;
		};
/* End XCConfigurationList section */
	};
	rootObject = 3F4F17552D429E22000E0D50 /* Project object */;
}
